
Microsoft Visual Studio Solution File, Format Version 12.00
# Visual Studio Version 16
VisualStudioVersion = 16.0.31729.503
MinimumVisualStudioVersion = 10.0.40219.1
Project("{9A19103F-16F7-4668-BE54-9A1E7A4F7556}") = "Movie.ApiIntegration", "ApiIntegration\Movie.ApiIntegration.csproj", "{26399518-5A04-4C76-A631-019CAFA2F6CA}"
EndProject
Global
	GlobalSection(SolutionConfigurationPlatforms) = preSolution
		Debug|Any CPU = Debug|Any CPU
		Release|Any CPU = Release|Any CPU
	EndGlobalSection
	GlobalSection(ProjectConfigurationPlatforms) = postSolution
		{26399518-5A04-4C76-A631-019CAFA2F6CA}.Debug|Any CPU.ActiveCfg = Debug|Any CPU
		{26399518-5A04-4C76-A631-019CAFA2F6CA}.Debug|Any CPU.Build.0 = Debug|Any CPU
		{26399518-5A04-4C76-A631-019CAFA2F6CA}.Release|Any CPU.ActiveCfg = Release|Any CPU
		{26399518-5A04-4C76-A631-019CAFA2F6CA}.Release|Any CPU.Build.0 = Release|Any CPU
	EndGlobalSection
	GlobalSection(SolutionProperties) = preSolution
		HideSolutionNode = FALSE
	EndGlobalSection
	GlobalSection(ExtensibilityGlobals) = postSolution
		SolutionGuid = {CCE89A39-0DB5-49FF-B62F-592A3EF838F5}
	EndGlobalSection
EndGlobal
